
Microsoft Visual Studio Solution File, Format Version 12.00
# Visual Studio 15
VisualStudioVersion = 15.0.28010.2026
MinimumVisualStudioVersion = 10.0.40219.1
Project("{9A19103F-16F7-4668-BE54-9A1E7A4F7556}") = "AngularAspCoreBusinessApps", "AngularAspCoreBusinessApps\AngularAspCoreBusinessApps.csproj", "{CB16152F-66B2-4E7D-B9D6-EADA2D1E34CE}"
EndProject
Project("{FAE04EC0-301F-11D3-BF4B-00C04F79EFBC}") = "AngularAspCoreBusinessApps.IDP", "AngularAspCoreBusinessApps.IDP\AngularAspCoreBusinessApps.IDP.csproj", "{0DF49D73-83C0-499E-BEDC-30E114152816}"
EndProject
Global
	GlobalSection(SolutionConfigurationPlatforms) = preSolution
		Debug|Any CPU = Debug|Any CPU
		Release|Any CPU = Release|Any CPU
	EndGlobalSection
	GlobalSection(ProjectConfigurationPlatforms) = postSolution
		{CB16152F-66B2-4E7D-B9D6-EADA2D1E34CE}.Debug|Any CPU.ActiveCfg = Debug|Any CPU
		{CB16152F-66B2-4E7D-B9D6-EADA2D1E34CE}.Debug|Any CPU.Build.0 = Debug|Any CPU
		{CB16152F-66B2-4E7D-B9D6-EADA2D1E34CE}.Release|Any CPU.ActiveCfg = Release|Any CPU
		{CB16152F-66B2-4E7D-B9D6-EADA2D1E34CE}.Release|Any CPU.Build.0 = Release|Any CPU
		{0DF49D73-83C0-499E-BEDC-30E114152816}.Debug|Any CPU.ActiveCfg = Debug|Any CPU
		{0DF49D73-83C0-499E-BEDC-30E114152816}.Debug|Any CPU.Build.0 = Debug|Any CPU
		{0DF49D73-83C0-499E-BEDC-30E114152816}.Release|Any CPU.ActiveCfg = Release|Any CPU
		{0DF49D73-83C0-499E-BEDC-30E114152816}.Release|Any CPU.Build.0 = Release|Any CPU
	EndGlobalSection
	GlobalSection(SolutionProperties) = preSolution
		HideSolutionNode = FALSE
	EndGlobalSection
	GlobalSection(ExtensibilityGlobals) = postSolution
		SolutionGuid = {3EB12A71-6D82-4908-80AB-5BFFD4192133}
	EndGlobalSection
EndGlobal
